{
    "_readme": [
        "This file locks the dependencies of your project to a known state",
        "Read more about it at https://getcomposer.org/doc/01-basic-usage.md#installing-dependencies",
        "This file is @generated automatically"
    ],
    "content-hash": "0540cc7ec1901d710eedf6b6d0dd34f6",
    "packages": [
        {
            "name": "aura/intl",
            "version": "3.0.0",
            "source": {
                "type": "git",
                "url": "https://github.com/auraphp/Aura.Intl.git",
                "reference": "7fce228980b19bf4dee2d7bbd6202a69b0dde926"
            },
            "dist": {
                "type": "zip",
                "url": "https://api.github.com/repos/auraphp/Aura.Intl/zipball/7fce228980b19bf4dee2d7bbd6202a69b0dde926",
                "reference": "7fce228980b19bf4dee2d7bbd6202a69b0dde926",
                "shasum": ""
            },
            "require": {
                "php": "^5.6|^7.0"
            },
            "type": "library",
            "autoload": {
                "psr-4": {
                    "Aura\\Intl\\": "src/"
                }
            },
            "notification-url": "https://packagist.org/downloads/",
            "license": [
                "MIT"
            ],
            "authors": [
                {
                    "name": "Aura.Intl Contributors",
                    "homepage": "https://github.com/auraphp/Aura.Intl/contributors"
                }
            ],
            "description": "The Aura Intl package provides internationalization tools, specifically message translation.",
            "homepage": "https://github.com/auraphp/Aura.Intl",
            "keywords": [
                "g11n",
                "globalization",
                "i18n",
                "internationalization",
                "intl",
                "l10n",
                "localization"
            ],
            "time": "2017-01-20T05:00:11+00:00"
        },
        {
            "name": "cakephp/cakephp",
            "version": "3.8.6",
            "source": {
                "type": "git",
                "url": "https://github.com/cakephp/cakephp.git",
                "reference": "34833a0c02fc1fc21e27ceb69cf7b4f7c131a3cc"
            },
            "dist": {
                "type": "zip",
                "url": "https://api.github.com/repos/cakephp/cakephp/zipball/34833a0c02fc1fc21e27ceb69cf7b4f7c131a3cc",
                "reference": "34833a0c02fc1fc21e27ceb69cf7b4f7c131a3cc",
                "shasum": ""
            },
            "require": {
                "aura/intl": "^3.0.0",
                "cakephp/chronos": "^1.0.1",
                "ext-intl": "*",
                "ext-mbstring": "*",
                "php": ">=5.6.0",
                "psr/log": "^1.0.0",
                "psr/simple-cache": "^1.0.0",
                "zendframework/zend-diactoros": "^1.4.0"
            },
            "conflict": {
                "phpunit/phpunit": "<5.7"
            },
            "replace": {
                "cakephp/cache": "self.version",
                "cakephp/collection": "self.version",
                "cakephp/core": "self.version",
                "cakephp/database": "self.version",
                "cakephp/datasource": "self.version",
                "cakephp/event": "self.version",
                "cakephp/filesystem": "self.version",
                "cakephp/form": "self.version",
                "cakephp/i18n": "self.version",
                "cakephp/log": "self.version",
                "cakephp/orm": "self.version",
                "cakephp/utility": "self.version",
                "cakephp/validation": "self.version"
            },
            "require-dev": {
                "cakephp/cakephp-codesniffer": "^3.0",
                "cakephp/chronos": "^1.2.1",
                "phpunit/phpunit": "^5.7.14|^6.0"
            },
            "suggest": {
                "ext-curl": "To enable more efficient network calls in Http\\Client.",
                "ext-openssl": "To use Security::encrypt() or have secure CSRF token generation.",
                "lib-ICU": "The intl PHP library, to use Text::transliterate() or Text::slug()"
            },
            "type": "library",
            "autoload": {
                "psr-4": {
                    "Cake\\": "src/"
                },
                "files": [
                    "src/Core/functions.php",
                    "src/Collection/functions.php",
                    "src/I18n/functions.php",
                    "src/Utility/bootstrap.php"
                ]
            },
            "notification-url": "https://packagist.org/downloads/",
            "license": [
                "MIT"
            ],
            "authors": [
                {
                    "name": "CakePHP Community",
                    "homepage": "https://github.com/cakephp/cakephp/graphs/contributors"
                }
            ],
            "description": "The CakePHP framework",
            "homepage": "https://cakephp.org",
            "keywords": [
                "conventions over configuration",
                "dry",
                "form",
                "framework",
                "mvc",
                "orm",
                "psr-7",
                "rapid-development",
                "validation"
            ],
            "time": "2019-11-07T01:11:43+00:00"
        },
        {
            "name": "cakephp/chronos",
            "version": "1.3.0",
            "source": {
                "type": "git",
                "url": "https://github.com/cakephp/chronos.git",
                "reference": "ba2bab98849e7bf29b02dd634ada49ab36472959"
            },
            "dist": {
                "type": "zip",
                "url": "https://api.github.com/repos/cakephp/chronos/zipball/ba2bab98849e7bf29b02dd634ada49ab36472959",
                "reference": "ba2bab98849e7bf29b02dd634ada49ab36472959",
                "shasum": ""
            },
            "require": {
                "php": ">=5.6"
            },
            "require-dev": {
                "athletic/athletic": "~0.1",
                "cakephp/cakephp-codesniffer": "^3.0",
                "phpbench/phpbench": "@dev",
                "phpunit/phpunit": "<6.0 || ^7.0"
            },
            "type": "library",
            "autoload": {
                "psr-4": {
                    "Cake\\Chronos\\": "src/"
                },
                "files": [
                    "src/carbon_compat.php"
                ]
            },
            "notification-url": "https://packagist.org/downloads/",
            "license": [
                "MIT"
            ],
            "authors": [
                {
                    "name": "Brian Nesbitt",
                    "email": "brian@nesbot.com",
                    "homepage": "http://nesbot.com"
                },
                {
                    "name": "The CakePHP Team",
                    "homepage": "http://cakephp.org"
                }
            ],
            "description": "A simple API extension for DateTime.",
            "homepage": "http://cakephp.org",
            "keywords": [
                "date",
                "datetime",
                "time"
            ],
            "time": "2019-11-30T02:33:19+00:00"
        },
        {
            "name": "dereuromark/cakephp-ajax",
            "version": "dev-master",
            "source": {
                "type": "git",
                "url": "https://github.com/dereuromark/cakephp-ajax.git",
                "reference": "10589034529e382391dfda7bbff10bdf3c4f418a"
            },
            "dist": {
                "type": "zip",
                "url": "https://api.github.com/repos/dereuromark/cakephp-ajax/zipball/10589034529e382391dfda7bbff10bdf3c4f418a",
                "reference": "10589034529e382391dfda7bbff10bdf3c4f418a",
                "shasum": ""
            },
            "require": {
                "cakephp/cakephp": "^3.7",
                "php": ">=5.6"
            },
            "require-dev": {
                "cakephp/cakephp": "^3.7.8",
                "dereuromark/cakephp-tools": "^1.4",
                "fig-r/psr2r-sniffer": "dev-master"
            },
            "type": "cakephp-plugin",
            "autoload": {
                "psr-4": {
                    "Ajax\\": "src/"
                }
            },
            "notification-url": "https://packagist.org/downloads/",
            "license": [
                "MIT"
            ],
            "authors": [
                {
                    "name": "Mark Scherer",
                    "homepage": "https://www.dereuromark.de",
                    "role": "Author"
                }
            ],
            "description": "A CakePHP plugin that makes working with AJAX a piece of cake.",
            "homepage": "https://github.com/dereuromark/cakephp-ajax",
            "keywords": [
                "ajax",
                "asynchronous",
                "cakephp",
                "plugin",
                "view"
            ],
            "time": "2016-09-21T22:03:23+00:00"
        },
        {
            "name": "psr/http-message",
            "version": "1.0.1",
            "source": {
                "type": "git",
                "url": "https://github.com/php-fig/http-message.git",
                "reference": "f6561bf28d520154e4b0ec72be95418abe6d9363"
            },
            "dist": {
                "type": "zip",
                "url": "https://api.github.com/repos/php-fig/http-message/zipball/f6561bf28d520154e4b0ec72be95418abe6d9363",
                "reference": "f6561bf28d520154e4b0ec72be95418abe6d9363",
                "shasum": ""
            },
            "require": {
                "php": ">=5.3.0"
            },
            "type": "library",
            "extra": {
                "branch-alias": {
                    "dev-master": "1.0.x-dev"
                }
            },
            "autoload": {
                "psr-4": {
                    "Psr\\Http\\Message\\": "src/"
                }
            },
            "notification-url": "https://packagist.org/downloads/",
            "license": [
                "MIT"
            ],
            "authors": [
                {
                    "name": "PHP-FIG",
                    "homepage": "http://www.php-fig.org/"
                }
            ],
            "description": "Common interface for HTTP messages",
            "homepage": "https://github.com/php-fig/http-message",
            "keywords": [
                "http",
                "http-message",
                "psr",
                "psr-7",
                "request",
                "response"
            ],
            "time": "2016-08-06T14:39:51+00:00"
        },
        {
            "name": "psr/log",
            "version": "1.1.2",
            "source": {
                "type": "git",
                "url": "https://github.com/php-fig/log.git",
                "reference": "446d54b4cb6bf489fc9d75f55843658e6f25d801"
            },
            "dist": {
                "type": "zip",
                "url": "https://api.github.com/repos/php-fig/log/zipball/446d54b4cb6bf489fc9d75f55843658e6f25d801",
                "reference": "446d54b4cb6bf489fc9d75f55843658e6f25d801",
                "shasum": ""
            },
            "require": {
                "php": ">=5.3.0"
            },
            "type": "library",
            "extra": {
                "branch-alias": {
                    "dev-master": "1.1.x-dev"
                }
            },
            "autoload": {
                "psr-4": {
                    "Psr\\Log\\": "Psr/Log/"
                }
            },
            "notification-url": "https://packagist.org/downloads/",
            "license": [
                "MIT"
            ],
            "authors": [
                {
                    "name": "PHP-FIG",
                    "homepage": "http://www.php-fig.org/"
                }
            ],
            "description": "Common interface for logging libraries",
            "homepage": "https://github.com/php-fig/log",
            "keywords": [
                "log",
                "psr",
                "psr-3"
            ],
            "time": "2019-11-01T11:05:21+00:00"
        },
        {
            "name": "psr/simple-cache",
            "version": "1.0.1",
            "source": {
                "type": "git",
                "url": "https://github.com/php-fig/simple-cache.git",
                "reference": "408d5eafb83c57f6365a3ca330ff23aa4a5fa39b"
            },
            "dist": {
                "type": "zip",
                "url": "https://api.github.com/repos/php-fig/simple-cache/zipball/408d5eafb83c57f6365a3ca330ff23aa4a5fa39b",
                "reference": "408d5eafb83c57f6365a3ca330ff23aa4a5fa39b",
                "shasum": ""
            },
            "require": {
                "php": ">=5.3.0"
            },
            "type": "library",
            "extra": {
                "branch-alias": {
                    "dev-master": "1.0.x-dev"
                }
            },
            "autoload": {
                "psr-4": {
                    "Psr\\SimpleCache\\": "src/"
                }
            },
            "notification-url": "https://packagist.org/downloads/",
            "license": [
                "MIT"
            ],
            "authors": [
                {
                    "name": "PHP-FIG",
                    "homepage": "http://www.php-fig.org/"
                }
            ],
            "description": "Common interfaces for simple caching",
            "keywords": [
                "cache",
                "caching",
                "psr",
                "psr-16",
                "simple-cache"
            ],
            "time": "2017-10-23T01:57:42+00:00"
        },
        {
            "name": "zendframework/zend-diactoros",
            "version": "1.8.7",
            "source": {
                "type": "git",
                "url": "https://github.com/zendframework/zend-diactoros.git",
                "reference": "a85e67b86e9b8520d07e6415fcbcb8391b44a75b"
            },
            "dist": {
                "type": "zip",
                "url": "https://api.github.com/repos/zendframework/zend-diactoros/zipball/a85e67b86e9b8520d07e6415fcbcb8391b44a75b",
                "reference": "a85e67b86e9b8520d07e6415fcbcb8391b44a75b",
                "shasum": ""
            },
            "require": {
                "php": "^5.6 || ^7.0",
                "psr/http-message": "^1.0"
            },
            "provide": {
                "psr/http-message-implementation": "1.0"
            },
            "require-dev": {
                "ext-dom": "*",
                "ext-libxml": "*",
                "php-http/psr7-integration-tests": "dev-master",
                "phpunit/phpunit": "^5.7.16 || ^6.0.8 || ^7.2.7",
                "zendframework/zend-coding-standard": "~1.0"
            },
            "type": "library",
            "extra": {
                "branch-alias": {
                    "dev-release-1.8": "1.8.x-dev"
                }
            },
            "autoload": {
                "files": [
                    "src/functions/create_uploaded_file.php",
                    "src/functions/marshal_headers_from_sapi.php",
                    "src/functions/marshal_method_from_sapi.php",
                    "src/functions/marshal_protocol_version_from_sapi.php",
                    "src/functions/marshal_uri_from_sapi.php",
                    "src/functions/normalize_server.php",
                    "src/functions/normalize_uploaded_files.php",
                    "src/functions/parse_cookie_header.php"
                ],
                "psr-4": {
                    "Zend\\Diactoros\\": "src/"
                }
            },
            "notification-url": "https://packagist.org/downloads/",
            "license": [
                "BSD-2-Clause"
            ],
            "description": "PSR HTTP Message implementations",
            "homepage": "https://github.com/zendframework/zend-diactoros",
            "keywords": [
                "http",
                "psr",
                "psr-7"
            ],
            "time": "2019-08-06T17:53:53+00:00"
        }
    ],
    "packages-dev": [],
    "aliases": [],
    "minimum-stability": "stable",
    "stability-flags": {
        "dereuromark/cakephp-ajax": 20
    },
    "prefer-stable": false,
    "prefer-lowest": false,
    "platform": [],
    "platform-dev": []
}
